// !$*UTF8*$!
{
	archiveVersion = 1;
	classes = {
	};
	objectVersion = 42;
	objects = {

/* Begin PBXBuildFile section */
		7D7373310FEC8CAF00CD26D5 /* GLUT.framework in Frameworks */ = {isa = PBXBuildFile; fileRef = 7D7373300FEC8CAF00CD26D5 /* GLUT.framework */; };
		7D7373350FEC8CBA00CD26D5 /* OpenGL.framework in Frameworks */ = {isa = PBXBuildFile; fileRef = 7D7373340FEC8CBA00CD26D5 /* OpenGL.framework */; };
		7D97923110DCF68C00A60B97 /* main.cpp in Sources */ = {isa = PBXBuildFile; fileRef = 7D97922110DCF68C00A60B97 /* main.cpp */; };
		7DDAAFC310E8EE1B0068A849 /* Bone.cpp in Sources */ = {isa = PBXBuildFile; fileRef = 7DDAAFC110E8EE1B0068A849 /* Bone.cpp */; };
		7DDAFD5D10E63952009D2AD3 /* disseminate.cpp in Sources */ = {isa = PBXBuildFile; fileRef = 7DDAFD5710E63952009D2AD3 /* disseminate.cpp */; };
		7DDAFD5E10E63952009D2AD3 /* Matrix.cpp in Sources */ = {isa = PBXBuildFile; fileRef = 7DDAFD5910E63952009D2AD3 /* Matrix.cpp */; };
		7DDAFD5F10E63952009D2AD3 /* shadersource.cpp in Sources */ = {isa = PBXBuildFile; fileRef = 7DDAFD5B10E63952009D2AD3 /* shadersource.cpp */; };
		7DDAFD9A10E65972009D2AD3 /* simple.frag in Resources */ = {isa = PBXBuildFile; fileRef = 7DDAFD4510E6278E009D2AD3 /* simple.frag */; };
		7DDAFD9B10E65972009D2AD3 /* simple.vert in Resources */ = {isa = PBXBuildFile; fileRef = 7DDAFD4210E6276C009D2AD3 /* simple.vert */; };
		7DDAFE1410E666CE009D2AD3 /* bone.frag in Resources */ = {isa = PBXBuildFile; fileRef = 7DDAFE1210E666C4009D2AD3 /* bone.frag */; };
		7DDAFE1510E666CE009D2AD3 /* bone.vert in Resources */ = {isa = PBXBuildFile; fileRef = 7DDAFE1310E666C4009D2AD3 /* bone.vert */; };
/* End PBXBuildFile section */

/* Begin PBXFileReference section */
		7D7373290FEC860400CD26D5 /* winter02.app */ = {isa = PBXFileReference; explicitFileType = wrapper.application; includeInIndex = 0; path = winter02.app; sourceTree = BUILT_PRODUCTS_DIR; };
		7D73732C0FEC860400CD26D5 /* Info.plist */ = {isa = PBXFileReference; lastKnownFileType = text.plist.xml; path = Info.plist; sourceTree = "<group>"; };
		7D7373300FEC8CAF00CD26D5 /* GLUT.framework */ = {isa = PBXFileReference; lastKnownFileType = wrapper.framework; name = GLUT.framework; path = /System/Library/Frameworks/GLUT.framework; sourceTree = "<absolute>"; };
		7D7373340FEC8CBA00CD26D5 /* OpenGL.framework */ = {isa = PBXFileReference; lastKnownFileType = wrapper.framework; name = OpenGL.framework; path = /System/Library/Frameworks/OpenGL.framework; sourceTree = "<absolute>"; };
		7D97922110DCF68C00A60B97 /* main.cpp */ = {isa = PBXFileReference; fileEncoding = 4; lastKnownFileType = sourcecode.cpp.cpp; path = main.cpp; sourceTree = "<group>"; };
		7DDAAFC110E8EE1B0068A849 /* Bone.cpp */ = {isa = PBXFileReference; fileEncoding = 4; lastKnownFileType = sourcecode.cpp.cpp; path = Bone.cpp; sourceTree = "<group>"; };
		7DDAAFC210E8EE1B0068A849 /* Bone.h */ = {isa = PBXFileReference; fileEncoding = 4; lastKnownFileType = sourcecode.c.h; path = Bone.h; sourceTree = "<group>"; };
		7DDAFD4210E6276C009D2AD3 /* simple.vert */ = {isa = PBXFileReference; fileEncoding = 4; lastKnownFileType = sourcecode.glsl; path = simple.vert; sourceTree = "<group>"; };
		7DDAFD4510E6278E009D2AD3 /* simple.frag */ = {isa = PBXFileReference; fileEncoding = 4; lastKnownFileType = sourcecode.glsl; path = simple.frag; sourceTree = "<group>"; };
		7DDAFD5710E63952009D2AD3 /* disseminate.cpp */ = {isa = PBXFileReference; fileEncoding = 4; lastKnownFileType = sourcecode.cpp.cpp; path = disseminate.cpp; sourceTree = "<group>"; };
		7DDAFD5810E63952009D2AD3 /* disseminate.h */ = {isa = PBXFileReference; fileEncoding = 4; lastKnownFileType = sourcecode.c.h; path = disseminate.h; sourceTree = "<group>"; };
		7DDAFD5910E63952009D2AD3 /* Matrix.cpp */ = {isa = PBXFileReference; fileEncoding = 4; lastKnownFileType = sourcecode.cpp.cpp; path = Matrix.cpp; sourceTree = "<group>"; };
		7DDAFD5A10E63952009D2AD3 /* Matrix.h */ = {isa = PBXFileReference; fileEncoding = 4; lastKnownFileType = sourcecode.c.h; path = Matrix.h; sourceTree = "<group>"; };
		7DDAFD5B10E63952009D2AD3 /* shadersource.cpp */ = {isa = PBXFileReference; fileEncoding = 4; lastKnownFileType = sourcecode.cpp.cpp; path = shadersource.cpp; sourceTree = "<group>"; };
		7DDAFD5C10E63952009D2AD3 /* shadersource.h */ = {isa = PBXFileReference; fileEncoding = 4; lastKnownFileType = sourcecode.c.h; path = shadersource.h; sourceTree = "<group>"; };
		7DDAFE1210E666C4009D2AD3 /* bone.frag */ = {isa = PBXFileReference; fileEncoding = 4; lastKnownFileType = sourcecode.glsl; path = bone.frag; sourceTree = "<group>"; };
		7DDAFE1310E666C4009D2AD3 /* bone.vert */ = {isa = PBXFileReference; fileEncoding = 4; lastKnownFileType = sourcecode.glsl; path = bone.vert; sourceTree = "<group>"; };
/* End PBXFileReference section */

/* Begin PBXFrameworksBuildPhase section */
		7D7373270FEC860400CD26D5 /* Frameworks */ = {
			isa = PBXFrameworksBuildPhase;
			buildActionMask = 2147483647;
			files = (
				7D7373310FEC8CAF00CD26D5 /* GLUT.framework in Frameworks */,
				7D7373350FEC8CBA00CD26D5 /* OpenGL.framework in Frameworks */,
			);
			runOnlyForDeploymentPostprocessing = 0;
		};
/* End PBXFrameworksBuildPhase section */

/* Begin PBXGroup section */
		7D73731A0FEC85D400CD26D5 = {
			isa = PBXGroup;
			children = (
				7D97922110DCF68C00A60B97 /* main.cpp */,
				7DDAFD5C10E63952009D2AD3 /* shadersource.h */,
				7DDAFD5B10E63952009D2AD3 /* shadersource.cpp */,
				7DDAFD5810E63952009D2AD3 /* disseminate.h */,
				7DDAFD5710E63952009D2AD3 /* disseminate.cpp */,
				7DDAAFC210E8EE1B0068A849 /* Bone.h */,
				7DDAAFC110E8EE1B0068A849 /* Bone.cpp */,
				7DDAFD5A10E63952009D2AD3 /* Matrix.h */,
				7DDAFD5910E63952009D2AD3 /* Matrix.cpp */,
				7DDAFE1310E666C4009D2AD3 /* bone.vert */,
				7DDAFE1210E666C4009D2AD3 /* bone.frag */,
				7DDAFD4210E6276C009D2AD3 /* simple.vert */,
				7DDAFD4510E6278E009D2AD3 /* simple.frag */,
				7D7373340FEC8CBA00CD26D5 /* OpenGL.framework */,
				7D7373300FEC8CAF00CD26D5 /* GLUT.framework */,
				7D73732A0FEC860400CD26D5 /* Products */,
				7D73732C0FEC860400CD26D5 /* Info.plist */,
			);
			sourceTree = "<group>";
		};
		7D73732A0FEC860400CD26D5 /* Products */ = {
			isa = PBXGroup;
			children = (
				7D7373290FEC860400CD26D5 /* winter02.app */,
			);
			name = Products;
			sourceTree = "<group>";
		};
/* End PBXGroup section */

/* Begin PBXNativeTarget section */
		7D7373280FEC860400CD26D5 /* winter02 */ = {
			isa = PBXNativeTarget;
			buildConfigurationList = 7D73732F0FEC860500CD26D5 /* Build configuration list for PBXNativeTarget "winter02" */;
			buildPhases = (
				7D7373250FEC860400CD26D5 /* Resources */,
				7D7373260FEC860400CD26D5 /* Sources */,
				7D7373270FEC860400CD26D5 /* Frameworks */,
			);
			buildRules = (
			);
			dependencies = (
			);
			name = winter02;
			productName = winter02;
			productReference = 7D7373290FEC860400CD26D5 /* winter02.app */;
			productType = "com.apple.product-type.application";
		};
/* End PBXNativeTarget section */

/* Begin PBXProject section */
		7D73731C0FEC85D400CD26D5 /* Project object */ = {
			isa = PBXProject;
			buildConfigurationList = 7D73731F0FEC85D400CD26D5 /* Build configuration list for PBXProject "winter02" */;
			compatibilityVersion = "Xcode 2.4";
			developmentRegion = English;
			hasScannedForEncodings = 0;
			knownRegions = (
				English,
				Japanese,
				French,
				German,
			);
			mainGroup = 7D73731A0FEC85D400CD26D5;
			productRefGroup = 7D73732A0FEC860400CD26D5 /* Products */;
			projectDirPath = "";
			projectRoot = "";
			targets = (
				7D7373280FEC860400CD26D5 /* winter02 */,
			);
		};
/* End PBXProject section */

/* Begin PBXResourcesBuildPhase section */
		7D7373250FEC860400CD26D5 /* Resources */ = {
			isa = PBXResourcesBuildPhase;
			buildActionMask = 2147483647;
			files = (
				7DDAFE1410E666CE009D2AD3 /* bone.frag in Resources */,
				7DDAFE1510E666CE009D2AD3 /* bone.vert in Resources */,
				7DDAFD9A10E65972009D2AD3 /* simple.frag in Resources */,
				7DDAFD9B10E65972009D2AD3 /* simple.vert in Resources */,
			);
			runOnlyForDeploymentPostprocessing = 0;
		};
/* End PBXResourcesBuildPhase section */

/* Begin PBXSourcesBuildPhase section */
		7D7373260FEC860400CD26D5 /* Sources */ = {
			isa = PBXSourcesBuildPhase;
			buildActionMask = 2147483647;
			files = (
				7D97923110DCF68C00A60B97 /* main.cpp in Sources */,
				7DDAFD5D10E63952009D2AD3 /* disseminate.cpp in Sources */,
				7DDAFD5E10E63952009D2AD3 /* Matrix.cpp in Sources */,
				7DDAFD5F10E63952009D2AD3 /* shadersource.cpp in Sources */,
				7DDAAFC310E8EE1B0068A849 /* Bone.cpp in Sources */,
			);
			runOnlyForDeploymentPostprocessing = 0;
		};
/* End PBXSourcesBuildPhase section */

/* Begin XCBuildConfiguration section */
		7D73731D0FEC85D400CD26D5 /* Debug */ = {
			isa = XCBuildConfiguration;
			buildSettings = {
				COPY_PHASE_STRIP = NO;
			};
			name = Debug;
		};
		7D73731E0FEC85D400CD26D5 /* Release */ = {
			isa = XCBuildConfiguration;
			buildSettings = {
				COPY_PHASE_STRIP = YES;
			};
			name = Release;
		};
		7D73732D0FEC860500CD26D5 /* Debug */ = {
			isa = XCBuildConfiguration;
			buildSettings = {
				ALWAYS_SEARCH_USER_PATHS = NO;
				COPY_PHASE_STRIP = NO;
				GCC_PRECOMPILE_PREFIX_HEADER = YES;
				INFOPLIST_FILE = Info.plist;
				INSTALL_PATH = "$(HOME)/Applications";
				OTHER_LDFLAGS = "";
				PREBINDING = NO;
				PRODUCT_NAME = winter02;
			};
			name = Debug;
		};
		7D73732E0FEC860500CD26D5 /* Release */ = {
			isa = XCBuildConfiguration;
			buildSettings = {
				ALWAYS_SEARCH_USER_PATHS = NO;
				COPY_PHASE_STRIP = YES;
				DEBUG_INFORMATION_FORMAT = "dwarf-with-dsym";
				GCC_ENABLE_FIX_AND_CONTINUE = NO;
				GCC_PRECOMPILE_PREFIX_HEADER = YES;
				INFOPLIST_FILE = Info.plist;
				INSTALL_PATH = "$(HOME)/Applications";
				OTHER_LDFLAGS = "";
				PREBINDING = NO;
				PRODUCT_NAME = winter02;
				ZERO_LINK = NO;
			};
			name = Release;
		};
/* End XCBuildConfiguration section */

/* Begin XCConfigurationList section */
		7D73731F0FEC85D400CD26D5 /* Build configuration list for PBXProject "winter02" */ = {
			isa = XCConfigurationList;
			buildConfigurations = (
				7D73731D0FEC85D400CD26D5 /* Debug */,
				7D73731E0FEC85D400CD26D5 /* Release */,
			);
			defaultConfigurationIsVisible = 0;
			defaultConfigurationName = Release;
		};
		7D73732F0FEC860500CD26D5 /* Build configuration list for PBXNativeTarget "winter02" */ = {
			isa = XCConfigurationList;
			buildConfigurations = (
				7D73732D0FEC860500CD26D5 /* Debug */,
				7D73732E0FEC860500CD26D5 /* Release */,
			);
			defaultConfigurationIsVisible = 0;
			defaultConfigurationName = Release;
		};
/* End XCConfigurationList section */
	};
	rootObject = 7D73731C0FEC85D400CD26D5 /* Project object */;
}
